
Microsoft Visual Studio Solution File, Format Version 12.00
# Visual Studio Version 16
VisualStudioVersion = 16.0.31129.286
MinimumVisualStudioVersion = 10.0.40219.1
Project("{FAE04EC0-301F-11D3-BF4B-00C04F79EFBC}") = "FileStreamStarts", "FileStreamStarts\FileStreamStarts.csproj", "{0603C781-762C-4A8A-A719-1D16313AC141}"
EndProject
Project("{FAE04EC0-301F-11D3-BF4B-00C04F79EFBC}") = "FileWrite", "FileWrite\FileWrite.csproj", "{6A7038AA-93F2-4714-ACC4-7EC8AF87143D}"
EndProject
Project("{FAE04EC0-301F-11D3-BF4B-00C04F79EFBC}") = "ExceptinHandling", "ExceptinHandling\ExceptinHandling.csproj", "{1CDCD2B9-45C7-4E09-BF58-B24D2460F2BE}"
EndProject
Global
	GlobalSection(SolutionConfigurationPlatforms) = preSolution
		Debug|Any CPU = Debug|Any CPU
		Release|Any CPU = Release|Any CPU
	EndGlobalSection
	GlobalSection(ProjectConfigurationPlatforms) = postSolution
		{0603C781-762C-4A8A-A719-1D16313AC141}.Debug|Any CPU.ActiveCfg = Debug|Any CPU
		{0603C781-762C-4A8A-A719-1D16313AC141}.Debug|Any CPU.Build.0 = Debug|Any CPU
		{0603C781-762C-4A8A-A719-1D16313AC141}.Release|Any CPU.ActiveCfg = Release|Any CPU
		{0603C781-762C-4A8A-A719-1D16313AC141}.Release|Any CPU.Build.0 = Release|Any CPU
		{6A7038AA-93F2-4714-ACC4-7EC8AF87143D}.Debug|Any CPU.ActiveCfg = Debug|Any CPU
		{6A7038AA-93F2-4714-ACC4-7EC8AF87143D}.Debug|Any CPU.Build.0 = Debug|Any CPU
		{6A7038AA-93F2-4714-ACC4-7EC8AF87143D}.Release|Any CPU.ActiveCfg = Release|Any CPU
		{6A7038AA-93F2-4714-ACC4-7EC8AF87143D}.Release|Any CPU.Build.0 = Release|Any CPU
		{1CDCD2B9-45C7-4E09-BF58-B24D2460F2BE}.Debug|Any CPU.ActiveCfg = Debug|Any CPU
		{1CDCD2B9-45C7-4E09-BF58-B24D2460F2BE}.Debug|Any CPU.Build.0 = Debug|Any CPU
		{1CDCD2B9-45C7-4E09-BF58-B24D2460F2BE}.Release|Any CPU.ActiveCfg = Release|Any CPU
		{1CDCD2B9-45C7-4E09-BF58-B24D2460F2BE}.Release|Any CPU.Build.0 = Release|Any CPU
	EndGlobalSection
	GlobalSection(SolutionProperties) = preSolution
		HideSolutionNode = FALSE
	EndGlobalSection
	GlobalSection(ExtensibilityGlobals) = postSolution
		SolutionGuid = {A49FFCF6-A94E-4289-A071-9CCCED55C2EE}
	EndGlobalSection
EndGlobal
