
Microsoft Visual Studio Solution File, Format Version 12.00
# Visual Studio Version 16
VisualStudioVersion = 16.0.31129.286
MinimumVisualStudioVersion = 10.0.40219.1
Project("{FAE04EC0-301F-11D3-BF4B-00C04F79EFBC}") = "Polymorphism", "Polymorphism\Polymorphism.csproj", "{614FBC2D-1604-4EA1-8706-F3E4D66B4D97}"
EndProject
Project("{FAE04EC0-301F-11D3-BF4B-00C04F79EFBC}") = "Overriding", "Overriding\Overriding.csproj", "{CE1F7BF8-B870-4CC4-873B-670F3443DD59}"
EndProject
Global
	GlobalSection(SolutionConfigurationPlatforms) = preSolution
		Debug|Any CPU = Debug|Any CPU
		Release|Any CPU = Release|Any CPU
	EndGlobalSection
	GlobalSection(ProjectConfigurationPlatforms) = postSolution
		{614FBC2D-1604-4EA1-8706-F3E4D66B4D97}.Debug|Any CPU.ActiveCfg = Debug|Any CPU
		{614FBC2D-1604-4EA1-8706-F3E4D66B4D97}.Debug|Any CPU.Build.0 = Debug|Any CPU
		{614FBC2D-1604-4EA1-8706-F3E4D66B4D97}.Release|Any CPU.ActiveCfg = Release|Any CPU
		{614FBC2D-1604-4EA1-8706-F3E4D66B4D97}.Release|Any CPU.Build.0 = Release|Any CPU
		{CE1F7BF8-B870-4CC4-873B-670F3443DD59}.Debug|Any CPU.ActiveCfg = Debug|Any CPU
		{CE1F7BF8-B870-4CC4-873B-670F3443DD59}.Debug|Any CPU.Build.0 = Debug|Any CPU
		{CE1F7BF8-B870-4CC4-873B-670F3443DD59}.Release|Any CPU.ActiveCfg = Release|Any CPU
		{CE1F7BF8-B870-4CC4-873B-670F3443DD59}.Release|Any CPU.Build.0 = Release|Any CPU
	EndGlobalSection
	GlobalSection(SolutionProperties) = preSolution
		HideSolutionNode = FALSE
	EndGlobalSection
	GlobalSection(ExtensibilityGlobals) = postSolution
		SolutionGuid = {1D99BB0A-5789-4FB0-8610-FAC22C4B08D3}
	EndGlobalSection
EndGlobal
